{
  "name": "2_ICE6_inclass",
  "version": "1.0.0",
  "lockfileVersion": 1,
  "requires": true,
  "dependencies": {
    "talk-like-a": {
      "version": "2.0.0",
      "resolved": "https://registry.npmjs.org/talk-like-a/-/talk-like-a-2.0.0.tgz",
      "integrity": "sha512-e1WroYb2pPieYDaJTuN6LUyDlgwzfUXXK49vjkXesnkz8JlHc8TpfopONmRCQi6bonm68YXkVhkLdWr0hpQMCA=="
    }
  }
}
